<?xml version="1.0" encoding="utf-8"?>
<Project ToolsVersion="17.0" xmlns="http://schemas.microsoft.com/developer/msbuild/2003">
  <ItemGroup>
    <CustomBuild Include="C:\Users\HP\source\repos\TechStorm-Rivalry\techstorm\core\lib\CMakeFiles\7993452ae3f70cc6a149456902b73b4e\INSTALL_force.rule">
      <Filter>CMake Rules</Filter>
    </CustomBuild>
  </ItemGroup>
  <ItemGroup>
    <Filter Include="CMake Rules">
      <UniqueIdentifier>{AB62AA52-A022-3B20-AE7B-48B79D61BDAE}</UniqueIdentifier>
    </Filter>
  </ItemGroup>
</Project>
