<?xml version="1.0" encoding="utf-8"?>
<Project ToolsVersion="4.0" xmlns="http://schemas.microsoft.com/developer/msbuild/2003">
  <ItemGroup>
    <Filter Include="Source Files">
      <UniqueIdentifier>{4FC737F1-C7A5-4376-A066-2A32D752A2FF}</UniqueIdentifier>
      <Extensions>cpp;c;cc;cxx;c++;cppm;ixx;def;odl;idl;hpj;bat;asm;asmx</Extensions>
    </Filter>
    <Filter Include="Items">
      <UniqueIdentifier>{5da34d3d-a2d6-4199-96e4-df41bb4b995a}</UniqueIdentifier>
    </Filter>
    <Filter Include="Config">
      <UniqueIdentifier>{8cf811ca-d30f-4e57-83ae-8e6ccb781364}</UniqueIdentifier>
    </Filter>
    <Filter Include="Shaders">
      <UniqueIdentifier>{ed96e8cb-cf13-4db7-b34c-537e92bad870}</UniqueIdentifier>
    </Filter>
    <Filter Include="Headers">
      <UniqueIdentifier>{ca8ccfd6-3db0-4f8a-89da-3a4db6c76b2c}</UniqueIdentifier>
    </Filter>
    <Filter Include="Headers\core">
      <UniqueIdentifier>{d0ff1f0e-ed9f-4bb1-a908-c55b8bb54eba}</UniqueIdentifier>
    </Filter>
    <Filter Include="Headers\core\assets">
      <UniqueIdentifier>{29753673-6873-40e8-9a71-6fc7b9b0a381}</UniqueIdentifier>
    </Filter>
    <Filter Include="Headers\core\character">
      <UniqueIdentifier>{7fe5f484-67de-41da-905f-e0468ff7ba2e}</UniqueIdentifier>
    </Filter>
    <Filter Include="Headers\core\config">
      <UniqueIdentifier>{afd523f0-ced9-4215-98d5-e3b1fceb28b5}</UniqueIdentifier>
    </Filter>
    <Filter Include="Headers\core\enum">
      <UniqueIdentifier>{d154e766-f1e8-4084-ae9e-9423b9e2766b}</UniqueIdentifier>
    </Filter>
    <Filter Include="Headers\core\gamescreen">
      <UniqueIdentifier>{55c9838b-6425-44dd-9137-e6fe1e70e419}</UniqueIdentifier>
    </Filter>
    <Filter Include="Headers\core\logging">
      <UniqueIdentifier>{2e5337de-b0f0-407f-9fae-4ac938f83d0d}</UniqueIdentifier>
    </Filter>
    <Filter Include="Headers\core\obj">
      <UniqueIdentifier>{800c4e46-9558-4747-b87f-a0eac1fcfdde}</UniqueIdentifier>
    </Filter>
    <Filter Include="Headers\core\player">
      <UniqueIdentifier>{fe9e0a8c-3f84-4f0f-9317-a721ae4ebfcc}</UniqueIdentifier>
    </Filter>
    <Filter Include="Headers\core\rendering">
      <UniqueIdentifier>{3c9c754e-2fd2-4126-ae7e-ff9b5dbcdd79}</UniqueIdentifier>
    </Filter>
    <Filter Include="Headers\core\scripting">
      <UniqueIdentifier>{aafa7f0c-b1dd-49f2-8c41-f7662b6c5681}</UniqueIdentifier>
    </Filter>
    <Filter Include="Headers\core\threading">
      <UniqueIdentifier>{1fe3d942-868a-4dea-89d5-be0a8860d6d0}</UniqueIdentifier>
    </Filter>
    <Filter Include="Headers\core\utils">
      <UniqueIdentifier>{551e9c06-aae4-4145-a5d1-9e33cf1ca648}</UniqueIdentifier>
    </Filter>
    <Filter Include="Headers\globalobj">
      <UniqueIdentifier>{fd77b30e-1a6a-4676-afda-7f88f65c6dc9}</UniqueIdentifier>
    </Filter>
    <Filter Include="Headers\health">
      <UniqueIdentifier>{219fa1a9-ad09-4542-b25f-c3f4bc2f3652}</UniqueIdentifier>
    </Filter>
    <Filter Include="Headers\inventory">
      <UniqueIdentifier>{47760fa9-25cf-4750-8ed9-060e80cd4ee1}</UniqueIdentifier>
    </Filter>
  </ItemGroup>
  <ItemGroup>
    <ClCompile Include="main.cpp">
      <Filter>Source Files</Filter>
    </ClCompile>
    <ClCompile Include="techstorm\Globals.cpp">
      <Filter>Headers</Filter>
    </ClCompile>
    <ClCompile Include="techstorm\core\errorHandling\ErrorHandling.ixx">
      <Filter>Source Files</Filter>
    </ClCompile>
    <ClCompile Include="techstorm\core\debug\Debug.ixx">
      <Filter>Source Files</Filter>
    </ClCompile>
  </ItemGroup>
  <ItemGroup>
    <None Include="packages.config" />
    <None Include="Data\Items\resources.tsr">
      <Filter>Items</Filter>
    </None>
    <None Include="Data\Crafting\ferricmetal.gcr">
      <Filter>Items</Filter>
    </None>
    <None Include="Config\Engine.toml">
      <Filter>Config</Filter>
    </None>
    <None Include="Config\options.toml">
      <Filter>Config</Filter>
    </None>
    <None Include="Data\afflictions\afflictions.tsp" />
    <None Include="Data\types\afflictiontypes.tsp" />
    <None Include="Data\types\damagetypes.tsp" />
    <None Include="resources\shaders\Bloom.fs">
      <Filter>Shaders</Filter>
    </None>
    <None Include="resources\shaders\glsl330\pbr.fs">
      <Filter>Shaders</Filter>
    </None>
    <None Include="resources\shaders\glsl330\pbr.vs">
      <Filter>Shaders</Filter>
    </None>
    <None Include="cpp.hint" />
  </ItemGroup>
  <ItemGroup>
    <ResourceCompile Include="techstorm\core\assets\TechStorm Rivalry.rc">
      <Filter>Headers\core\assets</Filter>
    </ResourceCompile>
  </ItemGroup>
  <ItemGroup>
    <ClInclude Include="techstorm\core\assets\ObjectMaterial.h">
      <Filter>Headers\core\assets</Filter>
    </ClInclude>
    <ClInclude Include="techstorm\core\assets\resource.h">
      <Filter>Headers\core\assets</Filter>
    </ClInclude>
    <ClInclude Include="techstorm\core\assets\techstorm-rivalry.h">
      <Filter>Headers\core\assets</Filter>
    </ClInclude>
    <ClInclude Include="techstorm\character\Character.h">
      <Filter>Headers\core\character</Filter>
    </ClInclude>
    <ClInclude Include="techstorm\character\CharacterHealth.h">
      <Filter>Headers\core\character</Filter>
    </ClInclude>
    <ClInclude Include="techstorm\core\config\Configman.h">
      <Filter>Headers\core\config</Filter>
    </ClInclude>
    <ClInclude Include="techstorm\core\enum\EBodySlots.h">
      <Filter>Headers\core\enum</Filter>
    </ClInclude>
    <ClInclude Include="techstorm\core\enum\ErrorCode.h">
      <Filter>Headers\core\enum</Filter>
    </ClInclude>
    <ClInclude Include="techstorm\core\enum\ESeverity.h">
      <Filter>Headers\core\enum</Filter>
    </ClInclude>
    <ClInclude Include="techstorm\core\gamescreen\MenuCamera.h">
      <Filter>Headers\core\gamescreen</Filter>
    </ClInclude>
    <ClInclude Include="techstorm\core\logging\Logman.h">
      <Filter>Headers\core\logging</Filter>
    </ClInclude>
    <ClInclude Include="techstorm\core\obj\CustomObject.h">
      <Filter>Headers\core\obj</Filter>
    </ClInclude>
    <ClInclude Include="techstorm\core\obj\Gameobject.h">
      <Filter>Headers\core\obj</Filter>
    </ClInclude>
    <ClInclude Include="techstorm\core\obj\Gameobject2D.h">
      <Filter>Headers\core\obj</Filter>
    </ClInclude>
    <ClInclude Include="techstorm\player\Player.h">
      <Filter>Headers\core\player</Filter>
    </ClInclude>
    <ClInclude Include="techstorm\core\rendering\DeferedRenderer.h">
      <Filter>Headers\core\rendering</Filter>
    </ClInclude>
    <ClInclude Include="techstorm\core\rendering\ForwardRenderer.h">
      <Filter>Headers\core\rendering</Filter>
    </ClInclude>
    <ClInclude Include="techstorm\core\rendering\Light.h">
      <Filter>Headers\core\rendering</Filter>
    </ClInclude>
    <ClInclude Include="techstorm\core\rendering\Renderers.h">
      <Filter>Headers\core\rendering</Filter>
    </ClInclude>
    <ClInclude Include="techstorm\core\scripting\IScriptable.h">
      <Filter>Headers\core\scripting</Filter>
    </ClInclude>
    <ClInclude Include="techstorm\core\scripting\ScriptManager.h">
      <Filter>Headers\core\scripting</Filter>
    </ClInclude>
    <ClInclude Include="techstorm\core\utils\Button.h">
      <Filter>Headers\core\utils</Filter>
    </ClInclude>
    <ClInclude Include="techstorm\core\utils\GUI.h">
      <Filter>Headers\core\utils</Filter>
    </ClInclude>
    <ClInclude Include="techstorm\core\utils\Math.h">
      <Filter>Headers\core\utils</Filter>
    </ClInclude>
    <ClInclude Include="techstorm\core\registry\Registry.h">
      <Filter>Headers\core\utils</Filter>
    </ClInclude>
    <ClInclude Include="techstorm\core\utils\rguiapi.h">
      <Filter>Headers\core\utils</Filter>
    </ClInclude>
    <ClInclude Include="techstorm\globalobj\Block.h">
      <Filter>Headers\globalobj</Filter>
    </ClInclude>
    <ClInclude Include="techstorm\globalobj\Planet.h">
      <Filter>Headers\globalobj</Filter>
    </ClInclude>
    <ClInclude Include="techstorm\health\Affectable.h">
      <Filter>Headers\health</Filter>
    </ClInclude>
    <ClInclude Include="techstorm\health\AfflictionAffect.h">
      <Filter>Headers\health</Filter>
    </ClInclude>
    <ClInclude Include="techstorm\health\AfflictionManager.h">
      <Filter>Headers\health</Filter>
    </ClInclude>
    <ClInclude Include="techstorm\inventory\CraftingRecipe.h">
      <Filter>Headers\inventory</Filter>
    </ClInclude>
    <ClInclude Include="techstorm\inventory\EquipmentMan.h">
      <Filter>Headers\inventory</Filter>
    </ClInclude>
    <ClInclude Include="techstorm\inventory\Equippable.h">
      <Filter>Headers\inventory</Filter>
    </ClInclude>
    <ClInclude Include="techstorm\inventory\EquipSlot.h">
      <Filter>Headers\inventory</Filter>
    </ClInclude>
    <ClInclude Include="techstorm\inventory\IEquippable.h">
      <Filter>Headers\inventory</Filter>
    </ClInclude>
    <ClInclude Include="techstorm\inventory\Inventory.h">
      <Filter>Headers\inventory</Filter>
    </ClInclude>
    <ClInclude Include="techstorm\inventory\InventoryManager.h">
      <Filter>Headers\inventory</Filter>
    </ClInclude>
    <ClInclude Include="techstorm\inventory\Item.h">
      <Filter>Headers\inventory</Filter>
    </ClInclude>
    <ClInclude Include="techstorm\inventory\ItemTypes.h">
      <Filter>Headers\inventory</Filter>
    </ClInclude>
    <ClInclude Include="techstorm\Common.h">
      <Filter>Headers</Filter>
    </ClInclude>
    <ClInclude Include="techstorm\Game.h">
      <Filter>Headers</Filter>
    </ClInclude>
    <ClInclude Include="techstorm\Globals.h">
      <Filter>Headers</Filter>
    </ClInclude>
    <ClInclude Include="techstorm\core\enum\EGameState.h">
      <Filter>Headers\core\enum</Filter>
    </ClInclude>
    <ClInclude Include="GameShaders.h" />
    <ClInclude Include="techstorm\core\rendering\GameShaders.h">
      <Filter>Headers\core\rendering</Filter>
    </ClInclude>
    <ClInclude Include="techstorm\core\rendering\GameShader.h">
      <Filter>Headers\core\rendering</Filter>
    </ClInclude>
    <ClInclude Include="techstorm\core\rendering\GameShaderManager.h">
      <Filter>Headers\core\rendering</Filter>
    </ClInclude>
    <ClInclude Include="techstorm\core\utils\ArrayUtils.h">
      <Filter>Headers\core\utils</Filter>
    </ClInclude>
    <ClInclude Include="techstorm\core\obj\RenderObject.h" />
    <ClInclude Include="techstorm\core\window\Window.h" />
    <ClInclude Include="techstorm\core\window\GameWindow.h" />
    <ClInclude Include="techstorm\core\window\ConfigFlag.h" />
    <ClInclude Include="techstorm\core\packing\DataPackage.h" />
    <ClInclude Include="techstorm\core\config\XMLMan.h" />
    <ClInclude Include="techstorm\core\fileSystem\File.h" />
    <ClInclude Include="techstorm\core\registry\ListEntry.h" />
    <ClInclude Include="techstorm\core\converters\ConfigTypeConverter.h" />
    <ClInclude Include="techstorm\core\config\ConfigFile.h" />
    <ClInclude Include="techstorm\core\secretaries\ConfigRegistrySecretary.h" />
    <ClInclude Include="techstorm\core\secretaries\ThreadGroupsSecretary.h" />
    <ClInclude Include="techstorm\core\secretaries\ThreadGroupSecretary.h" />
    <ClInclude Include="techstorm\core\registry\Pool.h" />
    <ClInclude Include="techstorm\core\utils\Task.h" />
    <ClInclude Include="techstorm\core\logic\PriorityLevel.h" />
    <ClInclude Include="techstorm\core\secretaries\GameSecretary.h" />
    <ClInclude Include="techstorm\core\secretaries\LayerSecretary.h" />
    <ClInclude Include="techstorm\core\status\ESystemStatus.h" />
    <ClInclude Include="techstorm\core\status\StressReport.h" />
    <ClInclude Include="techstorm\core\status\SystemStatus.h" />
    <ClInclude Include="techstorm\core\threading\Thread.h" />
    <ClInclude Include="techstorm\core\threading\ThreadGroup.h" />
    <ClInclude Include="techstorm\core\threading\ThreadGroups.h" />
    <ClInclude Include="techstorm\core\errorHandling\ErrorCodes.h" />
    <ClInclude Include="techstorm\core\threading\ThreadGroupTask.h" />
    <ClInclude Include="techstorm\core\ecs\ECS.h" />
    <ClInclude Include="techstorm\core\ecs\ECSMan.h" />
    <ClInclude Include="techstorm\core\ecs\Entity.h" />
    <ClInclude Include="techstorm\core\ecs\Component.h" />
    <ClInclude Include="techstorm\core\secretaries\RenderSecretary.h" />
    <ClInclude Include="techstorm\core\states\GameState.h" />
    <ClInclude Include="techstorm\core\ui\DialogBox.h" />
    <ClInclude Include="techstorm\core\ui\UIElement.h" />
    <ClInclude Include="techstorm\core\ui\UIMan.h" />
    <ClInclude Include="techstorm\core\assets\Style.h" />
    <ClInclude Include="techstorm\core\ui\UIText.h" />
    <ClInclude Include="techstorm\player\PlayerController.h" />
    <ClInclude Include="techstorm\player\HealthBar.h" />
    <ClInclude Include="techstorm\player\PlayerHealthComp.h" />
    <ClInclude Include="techstorm\player\CameraComp.h" />
    <ClInclude Include="techstorm\inventory\InventoryItem.h" />
    <ClInclude Include="techstorm\core\audio\GameSound.h" />
    <ClInclude Include="techstorm\core\audio\FxMan.h" />
    <ClInclude Include="techstorm\character\CharacterComponent.h" />
    <ClInclude Include="techstorm\core\collection\Tree.h" />
    <ClInclude Include="techstorm\core\ecs\EComponentType.h" />
    <ClInclude Include="techstorm\core\input\Input.h" />
    <ClInclude Include="techstorm\core\input\InputComponent.h" />
    <ClInclude Include="techstorm\core\obj\GameObjectComponent.h" />
    <ClInclude Include="techstorm\player\PlayerCharacter.h" />
    <ClInclude Include="techstorm\player\Health.h" />
    <ClInclude Include="techstorm\health\character\CharacterLimb.h" />
    <ClInclude Include="techstorm\player\PlayerComponent.h" />
    <ClInclude Include="techstorm\core\debug\DebugObject.h" />
    <ClInclude Include="techstorm\character\IMoveableCharacter.h" />
    <ClInclude Include="techstorm\core\input\Keybind.h" />
    <ClInclude Include="techstorm\core\ui\EUITypes.h" />
    <ClInclude Include="techstorm\core\ui\EUIInteractiveTypes.h" />
    <ClInclude Include="techstorm\core\input\Cursor.h" />
    <ClInclude Include="techstorm\core\obj\GameObjectManager.h" />
    <ClInclude Include="techstorm\core\ui\UIContainer.h" />
    <ClInclude Include="techstorm\core\ui\EDrawType.h" />
    <ClInclude Include="techstorm\core\utils\Utils.h" />
    <ClInclude Include="techstorm\core\converters\String.h" />
  </ItemGroup>
</Project>