
Microsoft Visual Studio Solution File, Format Version 12.00
# Visual Studio Version 17
VisualStudioVersion = 17.6.33815.320
MinimumVisualStudioVersion = 10.0.40219.1
Project("{8BC9CEB8-8B4A-11D0-8D11-00A0C91BC942}") = "TechStorm Rivalry", "TechStorm Rivalry.vcxproj", "{08D5B1A6-7101-4610-8878-7BAC8C95A258}"
EndProject
Project("{9A19103F-16F7-4668-BE54-9A1E7A4F7556}") = "TechStorm Dev Tool", "tools\TechStorm Dev Tools\TechStorm Dev Tool\TechStorm Dev Tool\TechStorm Dev Tool.csproj", "{61499676-643A-4844-9E3B-EE1A27988AD2}"
EndProject
Project("{9A19103F-16F7-4668-BE54-9A1E7A4F7556}") = "PackageManager", "tools\TechStorm Dev Tools\PackageManager\PackageManager.csproj", "{52BC5E1A-4F6A-4E4D-A744-7C54D5767BDF}"
EndProject
Project("{8BC9CEB8-8B4A-11D0-8D11-00A0C91BC942}") = "TechStormExtensions", "..\TechStormExtensions\TechStormExtensions.vcxproj", "{37E4DF52-D4E4-436F-98FB-B26A91A53F43}"
EndProject
Project("{8BC9CEB8-8B4A-11D0-8D11-00A0C91BC942}") = "ExportTool", "tools\ExportTool\ExportTool.vcxproj", "{F5970E1E-606B-42C0-A1D0-E32CD8E7A5B4}"
EndProject
Global
	GlobalSection(SolutionConfigurationPlatforms) = preSolution
		Debug|Any CPU = Debug|Any CPU
		Debug|x64 = Debug|x64
		Debug|x86 = Debug|x86
		Release|Any CPU = Release|Any CPU
		Release|x64 = Release|x64
		Release|x86 = Release|x86
	EndGlobalSection
	GlobalSection(ProjectConfigurationPlatforms) = postSolution
		{08D5B1A6-7101-4610-8878-7BAC8C95A258}.Debug|Any CPU.ActiveCfg = Debug|x64
		{08D5B1A6-7101-4610-8878-7BAC8C95A258}.Debug|Any CPU.Build.0 = Debug|x64
		{08D5B1A6-7101-4610-8878-7BAC8C95A258}.Debug|x64.ActiveCfg = Debug|x64
		{08D5B1A6-7101-4610-8878-7BAC8C95A258}.Debug|x64.Build.0 = Debug|x64
		{08D5B1A6-7101-4610-8878-7BAC8C95A258}.Debug|x86.ActiveCfg = Debug|Win32
		{08D5B1A6-7101-4610-8878-7BAC8C95A258}.Debug|x86.Build.0 = Debug|Win32
		{08D5B1A6-7101-4610-8878-7BAC8C95A258}.Release|Any CPU.ActiveCfg = Release|x64
		{08D5B1A6-7101-4610-8878-7BAC8C95A258}.Release|Any CPU.Build.0 = Release|x64
		{08D5B1A6-7101-4610-8878-7BAC8C95A258}.Release|x64.ActiveCfg = Release|x64
		{08D5B1A6-7101-4610-8878-7BAC8C95A258}.Release|x64.Build.0 = Release|x64
		{08D5B1A6-7101-4610-8878-7BAC8C95A258}.Release|x86.ActiveCfg = Release|Win32
		{08D5B1A6-7101-4610-8878-7BAC8C95A258}.Release|x86.Build.0 = Release|Win32
		{61499676-643A-4844-9E3B-EE1A27988AD2}.Debug|Any CPU.ActiveCfg = Debug|Any CPU
		{61499676-643A-4844-9E3B-EE1A27988AD2}.Debug|Any CPU.Build.0 = Debug|Any CPU
		{61499676-643A-4844-9E3B-EE1A27988AD2}.Debug|x64.ActiveCfg = Debug|Any CPU
		{61499676-643A-4844-9E3B-EE1A27988AD2}.Debug|x86.ActiveCfg = Debug|Any CPU
		{61499676-643A-4844-9E3B-EE1A27988AD2}.Debug|x86.Build.0 = Debug|Any CPU
		{61499676-643A-4844-9E3B-EE1A27988AD2}.Release|Any CPU.ActiveCfg = Release|Any CPU
		{61499676-643A-4844-9E3B-EE1A27988AD2}.Release|Any CPU.Build.0 = Release|Any CPU
		{61499676-643A-4844-9E3B-EE1A27988AD2}.Release|x64.ActiveCfg = Release|Any CPU
		{61499676-643A-4844-9E3B-EE1A27988AD2}.Release|x86.ActiveCfg = Release|Any CPU
		{61499676-643A-4844-9E3B-EE1A27988AD2}.Release|x86.Build.0 = Release|Any CPU
		{52BC5E1A-4F6A-4E4D-A744-7C54D5767BDF}.Debug|Any CPU.ActiveCfg = Debug|Any CPU
		{52BC5E1A-4F6A-4E4D-A744-7C54D5767BDF}.Debug|Any CPU.Build.0 = Debug|Any CPU
		{52BC5E1A-4F6A-4E4D-A744-7C54D5767BDF}.Debug|x64.ActiveCfg = Debug|Any CPU
		{52BC5E1A-4F6A-4E4D-A744-7C54D5767BDF}.Debug|x86.ActiveCfg = Debug|Any CPU
		{52BC5E1A-4F6A-4E4D-A744-7C54D5767BDF}.Debug|x86.Build.0 = Debug|Any CPU
		{52BC5E1A-4F6A-4E4D-A744-7C54D5767BDF}.Release|Any CPU.ActiveCfg = Release|Any CPU
		{52BC5E1A-4F6A-4E4D-A744-7C54D5767BDF}.Release|Any CPU.Build.0 = Release|Any CPU
		{52BC5E1A-4F6A-4E4D-A744-7C54D5767BDF}.Release|x64.ActiveCfg = Release|Any CPU
		{52BC5E1A-4F6A-4E4D-A744-7C54D5767BDF}.Release|x86.ActiveCfg = Release|Any CPU
		{52BC5E1A-4F6A-4E4D-A744-7C54D5767BDF}.Release|x86.Build.0 = Release|Any CPU
		{37E4DF52-D4E4-436F-98FB-B26A91A53F43}.Debug|Any CPU.ActiveCfg = Debug|x64
		{37E4DF52-D4E4-436F-98FB-B26A91A53F43}.Debug|Any CPU.Build.0 = Debug|x64
		{37E4DF52-D4E4-436F-98FB-B26A91A53F43}.Debug|x64.ActiveCfg = Debug|x64
		{37E4DF52-D4E4-436F-98FB-B26A91A53F43}.Debug|x64.Build.0 = Debug|x64
		{37E4DF52-D4E4-436F-98FB-B26A91A53F43}.Debug|x86.ActiveCfg = Debug|Win32
		{37E4DF52-D4E4-436F-98FB-B26A91A53F43}.Debug|x86.Build.0 = Debug|Win32
		{37E4DF52-D4E4-436F-98FB-B26A91A53F43}.Release|Any CPU.ActiveCfg = Release|x64
		{37E4DF52-D4E4-436F-98FB-B26A91A53F43}.Release|Any CPU.Build.0 = Release|x64
		{37E4DF52-D4E4-436F-98FB-B26A91A53F43}.Release|x64.ActiveCfg = Release|x64
		{37E4DF52-D4E4-436F-98FB-B26A91A53F43}.Release|x64.Build.0 = Release|x64
		{37E4DF52-D4E4-436F-98FB-B26A91A53F43}.Release|x86.ActiveCfg = Release|Win32
		{37E4DF52-D4E4-436F-98FB-B26A91A53F43}.Release|x86.Build.0 = Release|Win32
		{F5970E1E-606B-42C0-A1D0-E32CD8E7A5B4}.Debug|Any CPU.ActiveCfg = Debug|x64
		{F5970E1E-606B-42C0-A1D0-E32CD8E7A5B4}.Debug|Any CPU.Build.0 = Debug|x64
		{F5970E1E-606B-42C0-A1D0-E32CD8E7A5B4}.Debug|x64.ActiveCfg = Debug|x64
		{F5970E1E-606B-42C0-A1D0-E32CD8E7A5B4}.Debug|x64.Build.0 = Debug|x64
		{F5970E1E-606B-42C0-A1D0-E32CD8E7A5B4}.Debug|x86.ActiveCfg = Debug|Win32
		{F5970E1E-606B-42C0-A1D0-E32CD8E7A5B4}.Debug|x86.Build.0 = Debug|Win32
		{F5970E1E-606B-42C0-A1D0-E32CD8E7A5B4}.Release|Any CPU.ActiveCfg = Release|x64
		{F5970E1E-606B-42C0-A1D0-E32CD8E7A5B4}.Release|Any CPU.Build.0 = Release|x64
		{F5970E1E-606B-42C0-A1D0-E32CD8E7A5B4}.Release|x64.ActiveCfg = Release|x64
		{F5970E1E-606B-42C0-A1D0-E32CD8E7A5B4}.Release|x64.Build.0 = Release|x64
		{F5970E1E-606B-42C0-A1D0-E32CD8E7A5B4}.Release|x86.ActiveCfg = Release|Win32
		{F5970E1E-606B-42C0-A1D0-E32CD8E7A5B4}.Release|x86.Build.0 = Release|Win32
	EndGlobalSection
	GlobalSection(SolutionProperties) = preSolution
		HideSolutionNode = FALSE
	EndGlobalSection
	GlobalSection(ExtensibilityGlobals) = postSolution
		SolutionGuid = {CB1C353D-FCA9-42D4-9AE7-3AA31E1066A4}
	EndGlobalSection
EndGlobal
