<?xml version="1.0" encoding="utf-8"?>
<Project ToolsVersion="4.0" xmlns="http://schemas.microsoft.com/developer/msbuild/2003">
  <ItemGroup>
    <Filter Include="Source Files">
      <UniqueIdentifier>{4FC737F1-C7A5-4376-A066-2A32D752A2FF}</UniqueIdentifier>
      <Extensions>cpp;c;cc;cxx;c++;cppm;ixx;def;odl;idl;hpj;bat;asm;asmx</Extensions>
    </Filter>
    <Filter Include="Header Files">
      <UniqueIdentifier>{93995380-89BD-4b04-88EB-625FBE52EBFB}</UniqueIdentifier>
      <Extensions>h;hh;hpp;hxx;h++;hm;inl;inc;ipp;xsd</Extensions>
    </Filter>
    <Filter Include="Resource Files">
      <UniqueIdentifier>{67DA6AB6-F800-4c08-8B7A-83BB121AAD01}</UniqueIdentifier>
      <Extensions>rc;ico;cur;bmp;dlg;rc2;rct;bin;rgs;gif;jpg;jpeg;jpe;resx;tiff;tif;png;wav;mfcribbon-ms</Extensions>
    </Filter>
    <Filter Include="Header Files\lib">
      <UniqueIdentifier>{6a38b092-7c63-4fd6-a52d-8b5d918744d6}</UniqueIdentifier>
    </Filter>
    <Filter Include="Items">
      <UniqueIdentifier>{5da34d3d-a2d6-4199-96e4-df41bb4b995a}</UniqueIdentifier>
    </Filter>
    <Filter Include="Header Files\Item System">
      <UniqueIdentifier>{6f971cd3-98d6-4640-aeb6-c3f0560e1059}</UniqueIdentifier>
    </Filter>
    <Filter Include="Config">
      <UniqueIdentifier>{8cf811ca-d30f-4e57-83ae-8e6ccb781364}</UniqueIdentifier>
    </Filter>
    <Filter Include="Header Files\Gameobject">
      <UniqueIdentifier>{199af6fd-6e6c-4772-8ff7-5fd577a4d541}</UniqueIdentifier>
    </Filter>
  </ItemGroup>
  <ItemGroup>
    <ClCompile Include="main.cpp">
      <Filter>Source Files</Filter>
    </ClCompile>
    <ClCompile Include="Globals.cpp">
      <Filter>Source Files</Filter>
    </ClCompile>
    <ClCompile Include="ScriptManager.cpp">
      <Filter>Source Files</Filter>
    </ClCompile>
  </ItemGroup>
  <ItemGroup>
    <ClInclude Include="common.h">
      <Filter>Header Files</Filter>
    </ClInclude>
    <ClInclude Include="toml.h">
      <Filter>Header Files</Filter>
    </ClInclude>
    <ClInclude Include="Logman.h">
      <Filter>Header Files</Filter>
    </ClInclude>
    <ClInclude Include="Configman.h">
      <Filter>Header Files</Filter>
    </ClInclude>
    <ClInclude Include="Globals.h">
      <Filter>Header Files</Filter>
    </ClInclude>
    <ClInclude Include="Block.h">
      <Filter>Header Files</Filter>
    </ClInclude>
    <ClInclude Include="ObjectMaterial.h">
      <Filter>Header Files</Filter>
    </ClInclude>
    <ClInclude Include="Game.h">
      <Filter>Header Files</Filter>
    </ClInclude>
    <ClInclude Include="Light.h">
      <Filter>Header Files</Filter>
    </ClInclude>
    <ClInclude Include="Player.h">
      <Filter>Header Files</Filter>
    </ClInclude>
    <ClInclude Include="MenuCamera.h">
      <Filter>Header Files</Filter>
    </ClInclude>
    <ClInclude Include="Button.h">
      <Filter>Header Files\lib</Filter>
    </ClInclude>
    <ClInclude Include="Layer.h">
      <Filter>Header Files</Filter>
    </ClInclude>
    <ClInclude Include="Item.h">
      <Filter>Header Files\Item System</Filter>
    </ClInclude>
    <ClInclude Include="ItemTypes.h">
      <Filter>Header Files\Item System</Filter>
    </ClInclude>
    <ClInclude Include="InventoryManager.h">
      <Filter>Header Files\Item System</Filter>
    </ClInclude>
    <ClInclude Include="CraftingRecipe.h">
      <Filter>Header Files\Item System</Filter>
    </ClInclude>
    <ClInclude Include="Inventory.h">
      <Filter>Header Files\Item System</Filter>
    </ClInclude>
    <ClInclude Include="rguiapi.h">
      <Filter>Header Files</Filter>
    </ClInclude>
    <ClInclude Include="rguilayout.h">
      <Filter>Header Files\lib</Filter>
    </ClInclude>
    <ClInclude Include="rcamera.h">
      <Filter>Header Files\lib</Filter>
    </ClInclude>
    <ClInclude Include="Gameobject.h">
      <Filter>Header Files\Gameobject</Filter>
    </ClInclude>
    <ClInclude Include="Math.h">
      <Filter>Header Files</Filter>
    </ClInclude>
    <ClInclude Include="api\xml\xmlapi.h">
      <Filter>Header Files</Filter>
    </ClInclude>
    <ClInclude Include="ScriptManager.h">
      <Filter>Header Files</Filter>
    </ClInclude>
    <ClInclude Include="Scriptable.h">
      <Filter>Header Files</Filter>
    </ClInclude>
  </ItemGroup>
  <ItemGroup>
    <None Include="packages.config" />
    <None Include="Data\Items\resources.tsr">
      <Filter>Items</Filter>
    </None>
    <None Include="Data\Crafting\ferricmetal.gcr">
      <Filter>Items</Filter>
    </None>
    <None Include="Config\Engine.toml">
      <Filter>Config</Filter>
    </None>
    <None Include="Config\options.toml">
      <Filter>Config</Filter>
    </None>
    <None Include="Data\afflictions\afflictions.tsp" />
    <None Include="Data\types\afflictiontypes.tsp" />
    <None Include="Data\types\damagetypes.tsp" />
  </ItemGroup>
  <ItemGroup>
    <ResourceCompile Include="TechStorm Rivalry.rc">
      <Filter>Resource Files</Filter>
    </ResourceCompile>
  </ItemGroup>
</Project>