
Microsoft Visual Studio Solution File, Format Version 12.00
# Visual Studio Version 17
VisualStudioVersion = 17.5.002.0
MinimumVisualStudioVersion = 10.0.40219.1
Project("{9A19103F-16F7-4668-BE54-9A1E7A4F7556}") = "TechStorm Dev Tool", "TechStorm Dev Tool.csproj", "{B9042A28-D94A-4630-B3EF-A7903D23CB9A}"
EndProject
Global
	GlobalSection(SolutionConfigurationPlatforms) = preSolution
		Debug|Any CPU = Debug|Any CPU
		Release|Any CPU = Release|Any CPU
	EndGlobalSection
	GlobalSection(ProjectConfigurationPlatforms) = postSolution
		{B9042A28-D94A-4630-B3EF-A7903D23CB9A}.Debug|Any CPU.ActiveCfg = Debug|Any CPU
		{B9042A28-D94A-4630-B3EF-A7903D23CB9A}.Debug|Any CPU.Build.0 = Debug|Any CPU
		{B9042A28-D94A-4630-B3EF-A7903D23CB9A}.Release|Any CPU.ActiveCfg = Release|Any CPU
		{B9042A28-D94A-4630-B3EF-A7903D23CB9A}.Release|Any CPU.Build.0 = Release|Any CPU
	EndGlobalSection
	GlobalSection(SolutionProperties) = preSolution
		HideSolutionNode = FALSE
	EndGlobalSection
	GlobalSection(ExtensibilityGlobals) = postSolution
		SolutionGuid = {1A34D549-9EF8-4D77-A281-EFC87F21DD9F}
	EndGlobalSection
EndGlobal
